
Microsoft Visual Studio Solution File, Format Version 12.00
# Visual Studio Version 17
VisualStudioVersion = 17.8.34322.80
MinimumVisualStudioVersion = 10.0.40219.1
Project("{FAE04EC0-301F-11D3-BF4B-00C04F79EFBC}") = "SalesSystem", "SalesSystem.csproj", "{9FEA1DD7-43B6-4C02-AB07-6358F8CB9786}"
EndProject
Project("{FAE04EC0-301F-11D3-BF4B-00C04F79EFBC}") = "AccessBd", "AccessBd\AccessBd.csproj", "{A93DE200-852F-4F5D-ABD6-3F9088C29BF9}"
EndProject
Project("{FAE04EC0-301F-11D3-BF4B-00C04F79EFBC}") = "Domain", "Domain\Domain.csproj", "{0BCE15B7-E435-46B9-A372-CEEF09284626}"
EndProject
Global
	GlobalSection(SolutionConfigurationPlatforms) = preSolution
		Debug|Any CPU = Debug|Any CPU
		Release|Any CPU = Release|Any CPU
	EndGlobalSection
	GlobalSection(ProjectConfigurationPlatforms) = postSolution
		{9FEA1DD7-43B6-4C02-AB07-6358F8CB9786}.Debug|Any CPU.ActiveCfg = Debug|Any CPU
		{9FEA1DD7-43B6-4C02-AB07-6358F8CB9786}.Debug|Any CPU.Build.0 = Debug|Any CPU
		{9FEA1DD7-43B6-4C02-AB07-6358F8CB9786}.Release|Any CPU.ActiveCfg = Release|Any CPU
		{9FEA1DD7-43B6-4C02-AB07-6358F8CB9786}.Release|Any CPU.Build.0 = Release|Any CPU
		{A93DE200-852F-4F5D-ABD6-3F9088C29BF9}.Debug|Any CPU.ActiveCfg = Debug|Any CPU
		{A93DE200-852F-4F5D-ABD6-3F9088C29BF9}.Debug|Any CPU.Build.0 = Debug|Any CPU
		{A93DE200-852F-4F5D-ABD6-3F9088C29BF9}.Release|Any CPU.ActiveCfg = Release|Any CPU
		{A93DE200-852F-4F5D-ABD6-3F9088C29BF9}.Release|Any CPU.Build.0 = Release|Any CPU
		{0BCE15B7-E435-46B9-A372-CEEF09284626}.Debug|Any CPU.ActiveCfg = Debug|Any CPU
		{0BCE15B7-E435-46B9-A372-CEEF09284626}.Debug|Any CPU.Build.0 = Debug|Any CPU
		{0BCE15B7-E435-46B9-A372-CEEF09284626}.Release|Any CPU.ActiveCfg = Release|Any CPU
		{0BCE15B7-E435-46B9-A372-CEEF09284626}.Release|Any CPU.Build.0 = Release|Any CPU
	EndGlobalSection
	GlobalSection(SolutionProperties) = preSolution
		HideSolutionNode = FALSE
	EndGlobalSection
	GlobalSection(ExtensibilityGlobals) = postSolution
		SolutionGuid = {8277DA8C-578F-48E0-BAB4-BD41525A9CED}
	EndGlobalSection
EndGlobal
